
Microsoft Visual Studio Solution File, Format Version 12.00
# Visual Studio Version 16
VisualStudioVersion = 16.0.29009.5
MinimumVisualStudioVersion = 10.0.40219.1
Project("{FAE04EC0-301F-11D3-BF4B-00C04F79EFBC}") = "ArcaneLogic.MonoGame.Input", "ArcaneLogic.MonoGame.Input\ArcaneLogic.MonoGame.Input.csproj", "{8B1BC4F0-FF28-4E06-9149-E0C5A7E19C61}"
EndProject
Global
	GlobalSection(SolutionConfigurationPlatforms) = preSolution
		Debug|Any CPU = Debug|Any CPU
		Release|Any CPU = Release|Any CPU
	EndGlobalSection
	GlobalSection(ProjectConfigurationPlatforms) = postSolution
		{8B1BC4F0-FF28-4E06-9149-E0C5A7E19C61}.Debug|Any CPU.ActiveCfg = Debug|Any CPU
		{8B1BC4F0-FF28-4E06-9149-E0C5A7E19C61}.Debug|Any CPU.Build.0 = Debug|Any CPU
		{8B1BC4F0-FF28-4E06-9149-E0C5A7E19C61}.Release|Any CPU.ActiveCfg = Release|Any CPU
		{8B1BC4F0-FF28-4E06-9149-E0C5A7E19C61}.Release|Any CPU.Build.0 = Release|Any CPU
	EndGlobalSection
	GlobalSection(SolutionProperties) = preSolution
		HideSolutionNode = FALSE
	EndGlobalSection
	GlobalSection(ExtensibilityGlobals) = postSolution
		SolutionGuid = {A73CD8CA-9460-498C-8C97-33B606E0C929}
	EndGlobalSection
EndGlobal
